
Microsoft Visual Studio Solution File, Format Version 12.00
# Visual Studio Version 17
VisualStudioVersion = 17.2.32602.215
MinimumVisualStudioVersion = 10.0.40219.1
Project("{9A19103F-16F7-4668-BE54-9A1E7A4F7556}") = "MySharpChat.Client", "src\Client\MySharpChat.Client.csproj", "{80317CC1-31BF-453F-B310-9DD0A7533A22}"
EndProject
Project("{9A19103F-16F7-4668-BE54-9A1E7A4F7556}") = "MySharpChat.Server", "src\Server\MySharpChat.Server.csproj", "{703C8FF2-1109-4E96-A2CB-5241295847CD}"
EndProject
Project("{9A19103F-16F7-4668-BE54-9A1E7A4F7556}") = "MySharpChat.Core", "src\Core\MySharpChat.Core.csproj", "{A0B53D80-5A77-4B03-87E0-853FFDE79704}"
EndProject
Project("{9A19103F-16F7-4668-BE54-9A1E7A4F7556}") = "MySharpChat.Test", "src\Test\MySharpChat.Test.csproj", "{298DE7A8-0610-439D-B4EE-5787AB698FE8}"
EndProject
Project("{9A19103F-16F7-4668-BE54-9A1E7A4F7556}") = "MySharpChat.Client.Input", "src\Client.Input\MySharpChat.Client.Input.csproj", "{F7AE8876-E3C9-4FB9-A5E6-88FD3507FC41}"
EndProject
Project("{9A19103F-16F7-4668-BE54-9A1E7A4F7556}") = "MySharpChat.Client.Console", "src\Client.Console\MySharpChat.Client.Console.csproj", "{E48E5158-9F7F-419F-B0B3-60C058030777}"
EndProject
Project("{9A19103F-16F7-4668-BE54-9A1E7A4F7556}") = "MySharpChat.Core.Console", "src\Core.Console\MySharpChat.Core.Console.csproj", "{4B369D98-5D9B-4C0F-B894-ED0FEEF7FDB8}"
EndProject
Project("{9A19103F-16F7-4668-BE54-9A1E7A4F7556}") = "MySharpChat.Client.GUI", "src\Client.GUI\MySharpChat.Client.GUI.csproj", "{760AE895-5FA4-4810-8909-CCC586A8CE33}"
EndProject
Project("{9A19103F-16F7-4668-BE54-9A1E7A4F7556}") = "MySharpChat.Server.Console", "src\Server.Console\MySharpChat.Server.Console.csproj", "{4931925E-F1C1-466B-9186-D369D9D1131B}"
EndProject
Project("{9A19103F-16F7-4668-BE54-9A1E7A4F7556}") = "MySharpChat.Core.GUI", "src\Core.GUI\MySharpChat.Core.GUI.csproj", "{AA3E7D83-9638-4D1A-88EE-61A329E2889A}"
EndProject
Project("{FAE04EC0-301F-11D3-BF4B-00C04F79EFBC}") = "MySharpChat.Server.Srv", "src\Server.Srv\MySharpChat.Server.Srv.csproj", "{B0F81B88-DA2A-4CCF-914F-E1A62BDC5B60}"
EndProject
Global
	GlobalSection(SolutionConfigurationPlatforms) = preSolution
		Debug|Any CPU = Debug|Any CPU
		Debug|x64 = Debug|x64
		Debug|x86 = Debug|x86
		Release|Any CPU = Release|Any CPU
		Release|x64 = Release|x64
		Release|x86 = Release|x86
	EndGlobalSection
	GlobalSection(ProjectConfigurationPlatforms) = postSolution
		{80317CC1-31BF-453F-B310-9DD0A7533A22}.Debug|Any CPU.ActiveCfg = Debug|Any CPU
		{80317CC1-31BF-453F-B310-9DD0A7533A22}.Debug|Any CPU.Build.0 = Debug|Any CPU
		{80317CC1-31BF-453F-B310-9DD0A7533A22}.Debug|x64.ActiveCfg = Debug|Any CPU
		{80317CC1-31BF-453F-B310-9DD0A7533A22}.Debug|x64.Build.0 = Debug|Any CPU
		{80317CC1-31BF-453F-B310-9DD0A7533A22}.Debug|x86.ActiveCfg = Debug|Any CPU
		{80317CC1-31BF-453F-B310-9DD0A7533A22}.Debug|x86.Build.0 = Debug|Any CPU
		{80317CC1-31BF-453F-B310-9DD0A7533A22}.Release|Any CPU.ActiveCfg = Release|Any CPU
		{80317CC1-31BF-453F-B310-9DD0A7533A22}.Release|Any CPU.Build.0 = Release|Any CPU
		{80317CC1-31BF-453F-B310-9DD0A7533A22}.Release|x64.ActiveCfg = Release|Any CPU
		{80317CC1-31BF-453F-B310-9DD0A7533A22}.Release|x64.Build.0 = Release|Any CPU
		{80317CC1-31BF-453F-B310-9DD0A7533A22}.Release|x86.ActiveCfg = Release|Any CPU
		{80317CC1-31BF-453F-B310-9DD0A7533A22}.Release|x86.Build.0 = Release|Any CPU
		{703C8FF2-1109-4E96-A2CB-5241295847CD}.Debug|Any CPU.ActiveCfg = Debug|Any CPU
		{703C8FF2-1109-4E96-A2CB-5241295847CD}.Debug|Any CPU.Build.0 = Debug|Any CPU
		{703C8FF2-1109-4E96-A2CB-5241295847CD}.Debug|x64.ActiveCfg = Debug|Any CPU
		{703C8FF2-1109-4E96-A2CB-5241295847CD}.Debug|x64.Build.0 = Debug|Any CPU
		{703C8FF2-1109-4E96-A2CB-5241295847CD}.Debug|x86.ActiveCfg = Debug|Any CPU
		{703C8FF2-1109-4E96-A2CB-5241295847CD}.Debug|x86.Build.0 = Debug|Any CPU
		{703C8FF2-1109-4E96-A2CB-5241295847CD}.Release|Any CPU.ActiveCfg = Release|Any CPU
		{703C8FF2-1109-4E96-A2CB-5241295847CD}.Release|Any CPU.Build.0 = Release|Any CPU
		{703C8FF2-1109-4E96-A2CB-5241295847CD}.Release|x64.ActiveCfg = Release|Any CPU
		{703C8FF2-1109-4E96-A2CB-5241295847CD}.Release|x64.Build.0 = Release|Any CPU
		{703C8FF2-1109-4E96-A2CB-5241295847CD}.Release|x86.ActiveCfg = Release|Any CPU
		{703C8FF2-1109-4E96-A2CB-5241295847CD}.Release|x86.Build.0 = Release|Any CPU
		{A0B53D80-5A77-4B03-87E0-853FFDE79704}.Debug|Any CPU.ActiveCfg = Debug|Any CPU
		{A0B53D80-5A77-4B03-87E0-853FFDE79704}.Debug|Any CPU.Build.0 = Debug|Any CPU
		{A0B53D80-5A77-4B03-87E0-853FFDE79704}.Debug|x64.ActiveCfg = Debug|Any CPU
		{A0B53D80-5A77-4B03-87E0-853FFDE79704}.Debug|x64.Build.0 = Debug|Any CPU
		{A0B53D80-5A77-4B03-87E0-853FFDE79704}.Debug|x86.ActiveCfg = Debug|Any CPU
		{A0B53D80-5A77-4B03-87E0-853FFDE79704}.Debug|x86.Build.0 = Debug|Any CPU
		{A0B53D80-5A77-4B03-87E0-853FFDE79704}.Release|Any CPU.ActiveCfg = Release|Any CPU
		{A0B53D80-5A77-4B03-87E0-853FFDE79704}.Release|Any CPU.Build.0 = Release|Any CPU
		{A0B53D80-5A77-4B03-87E0-853FFDE79704}.Release|x64.ActiveCfg = Release|Any CPU
		{A0B53D80-5A77-4B03-87E0-853FFDE79704}.Release|x64.Build.0 = Release|Any CPU
		{A0B53D80-5A77-4B03-87E0-853FFDE79704}.Release|x86.ActiveCfg = Release|Any CPU
		{A0B53D80-5A77-4B03-87E0-853FFDE79704}.Release|x86.Build.0 = Release|Any CPU
		{298DE7A8-0610-439D-B4EE-5787AB698FE8}.Debug|Any CPU.ActiveCfg = Debug|Any CPU
		{298DE7A8-0610-439D-B4EE-5787AB698FE8}.Debug|Any CPU.Build.0 = Debug|Any CPU
		{298DE7A8-0610-439D-B4EE-5787AB698FE8}.Debug|x64.ActiveCfg = Debug|Any CPU
		{298DE7A8-0610-439D-B4EE-5787AB698FE8}.Debug|x64.Build.0 = Debug|Any CPU
		{298DE7A8-0610-439D-B4EE-5787AB698FE8}.Debug|x86.ActiveCfg = Debug|Any CPU
		{298DE7A8-0610-439D-B4EE-5787AB698FE8}.Debug|x86.Build.0 = Debug|Any CPU
		{298DE7A8-0610-439D-B4EE-5787AB698FE8}.Release|Any CPU.ActiveCfg = Release|Any CPU
		{298DE7A8-0610-439D-B4EE-5787AB698FE8}.Release|Any CPU.Build.0 = Release|Any CPU
		{298DE7A8-0610-439D-B4EE-5787AB698FE8}.Release|x64.ActiveCfg = Release|Any CPU
		{298DE7A8-0610-439D-B4EE-5787AB698FE8}.Release|x64.Build.0 = Release|Any CPU
		{298DE7A8-0610-439D-B4EE-5787AB698FE8}.Release|x86.ActiveCfg = Release|Any CPU
		{298DE7A8-0610-439D-B4EE-5787AB698FE8}.Release|x86.Build.0 = Release|Any CPU
		{F7AE8876-E3C9-4FB9-A5E6-88FD3507FC41}.Debug|Any CPU.ActiveCfg = Debug|Any CPU
		{F7AE8876-E3C9-4FB9-A5E6-88FD3507FC41}.Debug|Any CPU.Build.0 = Debug|Any CPU
		{F7AE8876-E3C9-4FB9-A5E6-88FD3507FC41}.Debug|x64.ActiveCfg = Debug|Any CPU
		{F7AE8876-E3C9-4FB9-A5E6-88FD3507FC41}.Debug|x64.Build.0 = Debug|Any CPU
		{F7AE8876-E3C9-4FB9-A5E6-88FD3507FC41}.Debug|x86.ActiveCfg = Debug|Any CPU
		{F7AE8876-E3C9-4FB9-A5E6-88FD3507FC41}.Debug|x86.Build.0 = Debug|Any CPU
		{F7AE8876-E3C9-4FB9-A5E6-88FD3507FC41}.Release|Any CPU.ActiveCfg = Release|Any CPU
		{F7AE8876-E3C9-4FB9-A5E6-88FD3507FC41}.Release|Any CPU.Build.0 = Release|Any CPU
		{F7AE8876-E3C9-4FB9-A5E6-88FD3507FC41}.Release|x64.ActiveCfg = Release|Any CPU
		{F7AE8876-E3C9-4FB9-A5E6-88FD3507FC41}.Release|x64.Build.0 = Release|Any CPU
		{F7AE8876-E3C9-4FB9-A5E6-88FD3507FC41}.Release|x86.ActiveCfg = Release|Any CPU
		{F7AE8876-E3C9-4FB9-A5E6-88FD3507FC41}.Release|x86.Build.0 = Release|Any CPU
		{E48E5158-9F7F-419F-B0B3-60C058030777}.Debug|Any CPU.ActiveCfg = Debug|Any CPU
		{E48E5158-9F7F-419F-B0B3-60C058030777}.Debug|Any CPU.Build.0 = Debug|Any CPU
		{E48E5158-9F7F-419F-B0B3-60C058030777}.Debug|x64.ActiveCfg = Debug|Any CPU
		{E48E5158-9F7F-419F-B0B3-60C058030777}.Debug|x64.Build.0 = Debug|Any CPU
		{E48E5158-9F7F-419F-B0B3-60C058030777}.Debug|x86.ActiveCfg = Debug|Any CPU
		{E48E5158-9F7F-419F-B0B3-60C058030777}.Debug|x86.Build.0 = Debug|Any CPU
		{E48E5158-9F7F-419F-B0B3-60C058030777}.Release|Any CPU.ActiveCfg = Release|Any CPU
		{E48E5158-9F7F-419F-B0B3-60C058030777}.Release|Any CPU.Build.0 = Release|Any CPU
		{E48E5158-9F7F-419F-B0B3-60C058030777}.Release|x64.ActiveCfg = Release|Any CPU
		{E48E5158-9F7F-419F-B0B3-60C058030777}.Release|x64.Build.0 = Release|Any CPU
		{E48E5158-9F7F-419F-B0B3-60C058030777}.Release|x86.ActiveCfg = Release|Any CPU
		{E48E5158-9F7F-419F-B0B3-60C058030777}.Release|x86.Build.0 = Release|Any CPU
		{4B369D98-5D9B-4C0F-B894-ED0FEEF7FDB8}.Debug|Any CPU.ActiveCfg = Debug|Any CPU
		{4B369D98-5D9B-4C0F-B894-ED0FEEF7FDB8}.Debug|Any CPU.Build.0 = Debug|Any CPU
		{4B369D98-5D9B-4C0F-B894-ED0FEEF7FDB8}.Debug|x64.ActiveCfg = Debug|Any CPU
		{4B369D98-5D9B-4C0F-B894-ED0FEEF7FDB8}.Debug|x64.Build.0 = Debug|Any CPU
		{4B369D98-5D9B-4C0F-B894-ED0FEEF7FDB8}.Debug|x86.ActiveCfg = Debug|Any CPU
		{4B369D98-5D9B-4C0F-B894-ED0FEEF7FDB8}.Debug|x86.Build.0 = Debug|Any CPU
		{4B369D98-5D9B-4C0F-B894-ED0FEEF7FDB8}.Release|Any CPU.ActiveCfg = Release|Any CPU
		{4B369D98-5D9B-4C0F-B894-ED0FEEF7FDB8}.Release|Any CPU.Build.0 = Release|Any CPU
		{4B369D98-5D9B-4C0F-B894-ED0FEEF7FDB8}.Release|x64.ActiveCfg = Release|Any CPU
		{4B369D98-5D9B-4C0F-B894-ED0FEEF7FDB8}.Release|x64.Build.0 = Release|Any CPU
		{4B369D98-5D9B-4C0F-B894-ED0FEEF7FDB8}.Release|x86.ActiveCfg = Release|Any CPU
		{4B369D98-5D9B-4C0F-B894-ED0FEEF7FDB8}.Release|x86.Build.0 = Release|Any CPU
		{760AE895-5FA4-4810-8909-CCC586A8CE33}.Debug|Any CPU.ActiveCfg = Debug|Any CPU
		{760AE895-5FA4-4810-8909-CCC586A8CE33}.Debug|Any CPU.Build.0 = Debug|Any CPU
		{760AE895-5FA4-4810-8909-CCC586A8CE33}.Debug|x64.ActiveCfg = Debug|Any CPU
		{760AE895-5FA4-4810-8909-CCC586A8CE33}.Debug|x64.Build.0 = Debug|Any CPU
		{760AE895-5FA4-4810-8909-CCC586A8CE33}.Debug|x86.ActiveCfg = Debug|Any CPU
		{760AE895-5FA4-4810-8909-CCC586A8CE33}.Debug|x86.Build.0 = Debug|Any CPU
		{760AE895-5FA4-4810-8909-CCC586A8CE33}.Release|Any CPU.ActiveCfg = Release|Any CPU
		{760AE895-5FA4-4810-8909-CCC586A8CE33}.Release|Any CPU.Build.0 = Release|Any CPU
		{760AE895-5FA4-4810-8909-CCC586A8CE33}.Release|x64.ActiveCfg = Release|Any CPU
		{760AE895-5FA4-4810-8909-CCC586A8CE33}.Release|x64.Build.0 = Release|Any CPU
		{760AE895-5FA4-4810-8909-CCC586A8CE33}.Release|x86.ActiveCfg = Release|Any CPU
		{760AE895-5FA4-4810-8909-CCC586A8CE33}.Release|x86.Build.0 = Release|Any CPU
		{4931925E-F1C1-466B-9186-D369D9D1131B}.Debug|Any CPU.ActiveCfg = Debug|Any CPU
		{4931925E-F1C1-466B-9186-D369D9D1131B}.Debug|Any CPU.Build.0 = Debug|Any CPU
		{4931925E-F1C1-466B-9186-D369D9D1131B}.Debug|x64.ActiveCfg = Debug|Any CPU
		{4931925E-F1C1-466B-9186-D369D9D1131B}.Debug|x64.Build.0 = Debug|Any CPU
		{4931925E-F1C1-466B-9186-D369D9D1131B}.Debug|x86.ActiveCfg = Debug|Any CPU
		{4931925E-F1C1-466B-9186-D369D9D1131B}.Debug|x86.Build.0 = Debug|Any CPU
		{4931925E-F1C1-466B-9186-D369D9D1131B}.Release|Any CPU.ActiveCfg = Release|Any CPU
		{4931925E-F1C1-466B-9186-D369D9D1131B}.Release|Any CPU.Build.0 = Release|Any CPU
		{4931925E-F1C1-466B-9186-D369D9D1131B}.Release|x64.ActiveCfg = Release|Any CPU
		{4931925E-F1C1-466B-9186-D369D9D1131B}.Release|x64.Build.0 = Release|Any CPU
		{4931925E-F1C1-466B-9186-D369D9D1131B}.Release|x86.ActiveCfg = Release|Any CPU
		{4931925E-F1C1-466B-9186-D369D9D1131B}.Release|x86.Build.0 = Release|Any CPU
		{AA3E7D83-9638-4D1A-88EE-61A329E2889A}.Debug|Any CPU.ActiveCfg = Debug|Any CPU
		{AA3E7D83-9638-4D1A-88EE-61A329E2889A}.Debug|Any CPU.Build.0 = Debug|Any CPU
		{AA3E7D83-9638-4D1A-88EE-61A329E2889A}.Debug|x64.ActiveCfg = Debug|Any CPU
		{AA3E7D83-9638-4D1A-88EE-61A329E2889A}.Debug|x64.Build.0 = Debug|Any CPU
		{AA3E7D83-9638-4D1A-88EE-61A329E2889A}.Debug|x86.ActiveCfg = Debug|Any CPU
		{AA3E7D83-9638-4D1A-88EE-61A329E2889A}.Debug|x86.Build.0 = Debug|Any CPU
		{AA3E7D83-9638-4D1A-88EE-61A329E2889A}.Release|Any CPU.ActiveCfg = Release|Any CPU
		{AA3E7D83-9638-4D1A-88EE-61A329E2889A}.Release|Any CPU.Build.0 = Release|Any CPU
		{AA3E7D83-9638-4D1A-88EE-61A329E2889A}.Release|x64.ActiveCfg = Release|Any CPU
		{AA3E7D83-9638-4D1A-88EE-61A329E2889A}.Release|x64.Build.0 = Release|Any CPU
		{AA3E7D83-9638-4D1A-88EE-61A329E2889A}.Release|x86.ActiveCfg = Release|Any CPU
		{AA3E7D83-9638-4D1A-88EE-61A329E2889A}.Release|x86.Build.0 = Release|Any CPU
		{B0F81B88-DA2A-4CCF-914F-E1A62BDC5B60}.Debug|Any CPU.ActiveCfg = Debug|Any CPU
		{B0F81B88-DA2A-4CCF-914F-E1A62BDC5B60}.Debug|Any CPU.Build.0 = Debug|Any CPU
		{B0F81B88-DA2A-4CCF-914F-E1A62BDC5B60}.Debug|x64.ActiveCfg = Debug|Any CPU
		{B0F81B88-DA2A-4CCF-914F-E1A62BDC5B60}.Debug|x64.Build.0 = Debug|Any CPU
		{B0F81B88-DA2A-4CCF-914F-E1A62BDC5B60}.Debug|x86.ActiveCfg = Debug|Any CPU
		{B0F81B88-DA2A-4CCF-914F-E1A62BDC5B60}.Debug|x86.Build.0 = Debug|Any CPU
		{B0F81B88-DA2A-4CCF-914F-E1A62BDC5B60}.Release|Any CPU.ActiveCfg = Release|Any CPU
		{B0F81B88-DA2A-4CCF-914F-E1A62BDC5B60}.Release|Any CPU.Build.0 = Release|Any CPU
		{B0F81B88-DA2A-4CCF-914F-E1A62BDC5B60}.Release|x64.ActiveCfg = Release|Any CPU
		{B0F81B88-DA2A-4CCF-914F-E1A62BDC5B60}.Release|x64.Build.0 = Release|Any CPU
		{B0F81B88-DA2A-4CCF-914F-E1A62BDC5B60}.Release|x86.ActiveCfg = Release|Any CPU
		{B0F81B88-DA2A-4CCF-914F-E1A62BDC5B60}.Release|x86.Build.0 = Release|Any CPU
	EndGlobalSection
	GlobalSection(SolutionProperties) = preSolution
		HideSolutionNode = FALSE
	EndGlobalSection
	GlobalSection(ExtensibilityGlobals) = postSolution
		SolutionGuid = {D87E4F71-D17C-4205-9AEF-60507865ABF9}
	EndGlobalSection
EndGlobal
